Microsoft Visual Studio Solution File, Format Version 12.00
# Visual Studio Version 17
VisualStudioVersion = 17.5.2.0
MinimumVisualStudioVersion = 10.0.40219.1
Project("{FAE04EC0-301F-11D3-BF4B-00C04F79EFBC}") = "Latiendita", "Latiendita.csproj", "{BEEA7565-F3C0-E0A9-397F-A3892DCE137E}"
EndProject
Global
	GlobalSection(SolutionConfigurationPlatforms) = preSolution
		Debug|Any CPU = Debug|Any CPU
		Release|Any CPU = Release|Any CPU
	EndGlobalSection
	GlobalSection(ProjectConfigurationPlatforms) = postSolution
		{BEEA7565-F3C0-E0A9-397F-A3892DCE137E}.Debug|Any CPU.ActiveCfg = Debug|Any CPU
		{BEEA7565-F3C0-E0A9-397F-A3892DCE137E}.Debug|Any CPU.Build.0 = Debug|Any CPU
		{BEEA7565-F3C0-E0A9-397F-A3892DCE137E}.Release|Any CPU.ActiveCfg = Release|Any CPU
		{BEEA7565-F3C0-E0A9-397F-A3892DCE137E}.Release|Any CPU.Build.0 = Release|Any CPU
	EndGlobalSection
	GlobalSection(SolutionProperties) = preSolution
		HideSolutionNode = FALSE
	EndGlobalSection
	GlobalSection(ExtensibilityGlobals) = postSolution
		SolutionGuid = {B6CC4766-E0D5-4BEF-94F2-8ED7D4D956A7}
	EndGlobalSection
EndGlobal
